
Microsoft Visual Studio Solution File, Format Version 12.00
# Visual Studio Version 16
VisualStudioVersion = 16.0.30413.136
MinimumVisualStudioVersion = 10.0.40219.1
Project("{FAE04EC0-301F-11D3-BF4B-00C04F79EFBC}") = "GLCapture", "GLCapture\GLCapture.csproj", "{D76ABE12-0EF8-4063-AE9F-8ED12FF233A7}"
EndProject
Project("{FAE04EC0-301F-11D3-BF4B-00C04F79EFBC}") = "GLHook", "GLHook\GLHook.csproj", "{6C74A4D9-ABB3-4850-9862-122B4B15B74D}"
EndProject
Global
	GlobalSection(SolutionConfigurationPlatforms) = preSolution
		Debug|Any CPU = Debug|Any CPU
		Debug|x64 = Debug|x64
		Debug|x86 = Debug|x86
		Release|Any CPU = Release|Any CPU
		Release|x64 = Release|x64
		Release|x86 = Release|x86
	EndGlobalSection
	GlobalSection(ProjectConfigurationPlatforms) = postSolution
		{D76ABE12-0EF8-4063-AE9F-8ED12FF233A7}.Debug|Any CPU.ActiveCfg = Debug|Any CPU
		{D76ABE12-0EF8-4063-AE9F-8ED12FF233A7}.Debug|Any CPU.Build.0 = Debug|Any CPU
		{D76ABE12-0EF8-4063-AE9F-8ED12FF233A7}.Debug|x64.ActiveCfg = Debug|x64
		{D76ABE12-0EF8-4063-AE9F-8ED12FF233A7}.Debug|x64.Build.0 = Debug|x64
		{D76ABE12-0EF8-4063-AE9F-8ED12FF233A7}.Debug|x86.ActiveCfg = Debug|x86
		{D76ABE12-0EF8-4063-AE9F-8ED12FF233A7}.Debug|x86.Build.0 = Debug|x86
		{D76ABE12-0EF8-4063-AE9F-8ED12FF233A7}.Release|Any CPU.ActiveCfg = Release|Any CPU
		{D76ABE12-0EF8-4063-AE9F-8ED12FF233A7}.Release|Any CPU.Build.0 = Release|Any CPU
		{D76ABE12-0EF8-4063-AE9F-8ED12FF233A7}.Release|x64.ActiveCfg = Release|x64
		{D76ABE12-0EF8-4063-AE9F-8ED12FF233A7}.Release|x64.Build.0 = Release|x64
		{D76ABE12-0EF8-4063-AE9F-8ED12FF233A7}.Release|x86.ActiveCfg = Release|x86
		{D76ABE12-0EF8-4063-AE9F-8ED12FF233A7}.Release|x86.Build.0 = Release|x86
		{6C74A4D9-ABB3-4850-9862-122B4B15B74D}.Debug|Any CPU.ActiveCfg = Debug|Any CPU
		{6C74A4D9-ABB3-4850-9862-122B4B15B74D}.Debug|Any CPU.Build.0 = Debug|Any CPU
		{6C74A4D9-ABB3-4850-9862-122B4B15B74D}.Debug|x64.ActiveCfg = Debug|x64
		{6C74A4D9-ABB3-4850-9862-122B4B15B74D}.Debug|x64.Build.0 = Debug|x64
		{6C74A4D9-ABB3-4850-9862-122B4B15B74D}.Debug|x86.ActiveCfg = Debug|x86
		{6C74A4D9-ABB3-4850-9862-122B4B15B74D}.Debug|x86.Build.0 = Debug|x86
		{6C74A4D9-ABB3-4850-9862-122B4B15B74D}.Release|Any CPU.ActiveCfg = Release|Any CPU
		{6C74A4D9-ABB3-4850-9862-122B4B15B74D}.Release|Any CPU.Build.0 = Release|Any CPU
		{6C74A4D9-ABB3-4850-9862-122B4B15B74D}.Release|x64.ActiveCfg = Release|x64
		{6C74A4D9-ABB3-4850-9862-122B4B15B74D}.Release|x64.Build.0 = Release|x64
		{6C74A4D9-ABB3-4850-9862-122B4B15B74D}.Release|x86.ActiveCfg = Release|x86
		{6C74A4D9-ABB3-4850-9862-122B4B15B74D}.Release|x86.Build.0 = Release|x86
	EndGlobalSection
	GlobalSection(SolutionProperties) = preSolution
		HideSolutionNode = FALSE
	EndGlobalSection
	GlobalSection(ExtensibilityGlobals) = postSolution
		SolutionGuid = {9C928C78-E150-4E29-8E96-FF49260EB830}
	EndGlobalSection
EndGlobal
